github.com/kvncrtr/dog v0.0.0-20240307132135-4ec8c99c1f8c h1:m7MlPczUGCyxdc5Y9WMefDAoprz64gIg/ekA2Q3RI6Y=
github.com/kvncrtr/dog v0.0.0-20240307132135-4ec8c99c1f8c/go.mod h1:+tCett/jMkFJrIc7V5XBBYahoqlL52ldWrjzwtL7A9c=
github.com/kvncrtr/dog v0.0.0-20240307133052-538cabb069b4 h1:H7nLYFOnRIZVSxNDouQFYYuxCVtBQuGI2gjr+H/KcbI=
github.com/kvncrtr/dog v0.0.0-20240307133052-538cabb069b4/go.mod h1:+tCett/jMkFJrIc7V5XBBYahoqlL52ldWrjzwtL7A9c=
